{
  "name": "foamy-nextjs",
  "version": "1.0.0",
  "lockfileVersion": 1,
  "requires": true,
  "dependencies": {
    "@types/unist": {
      "version": "2.0.3",
      "resolved": "https://registry.npmjs.org/@types/unist/-/unist-2.0.3.tgz",
      "integrity": "sha512-FvUupuM3rlRsRtCN+fDudtmytGO6iHJuuRKS1Ss0pG5z8oX0diNEw94UEL7hgDbpN94rgaK5R7sWm6RrSkZuAQ=="
    },
    "extend": {
      "version": "3.0.2",
      "resolved": "https://registry.npmjs.org/extend/-/extend-3.0.2.tgz",
      "integrity": "sha512-fjquC59cD7CyW6urNXK0FBufkZcoiGG80wTuPujX590cB5Ttln20E2UB4S/WARVqhXffZl2LNgS+gQdPIIim/g=="
    },
    "hast-util-whitespace": {
      "version": "1.0.4",
      "resolved": "https://registry.npmjs.org/hast-util-whitespace/-/hast-util-whitespace-1.0.4.tgz",
      "integrity": "sha512-I5GTdSfhYfAPNztx2xJRQpG8cuDSNt599/7YUn7Gx/WxNMsG+a835k97TDkFgk123cwjfwINaZknkKkphx/f2A=="
    },
    "is-absolute-url": {
      "version": "3.0.3",
      "resolved": "https://registry.npmjs.org/is-absolute-url/-/is-absolute-url-3.0.3.tgz",
      "integrity": "sha512-opmNIX7uFnS96NtPmhWQgQx6/NYFgsUXYMllcfzwWKUMwfo8kku1TvE6hkNcH+Q1ts5cMVrsY7j0bxXQDciu9Q=="
    },
    "is-url": {
      "version": "1.2.4",
      "resolved": "https://registry.npmjs.org/is-url/-/is-url-1.2.4.tgz",
      "integrity": "sha512-ITvGim8FhRiYe4IQ5uHSkj7pVaPDrCTkNd3yq3cV7iZAcJdHTUMPMEHcqSOy9xZ9qFenQCvi+2wjH9a1nXqHww=="
    },
    "mdast-util-definitions": {
      "version": "3.0.1",
      "resolved": "https://registry.npmjs.org/mdast-util-definitions/-/mdast-util-definitions-3.0.1.tgz",
      "integrity": "sha512-BAv2iUm/e6IK/b2/t+Fx69EL/AGcq/IG2S+HxHjDJGfLJtd6i9SZUS76aC9cig+IEucsqxKTR0ot3m933R3iuA==",
      "requires": {
        "unist-util-visit": "^2.0.0"
      }
    },
    "remark-external-links": {
      "version": "7.0.0",
      "resolved": "https://registry.npmjs.org/remark-external-links/-/remark-external-links-7.0.0.tgz",
      "integrity": "sha512-Iihlg28wFTWyGyTquKolM6nHLkgrRnRXp/QSwjbWGThwIFVKIMHZLAkCii26aTGDEiKr6p1QfMt4oltBIIngug==",
      "requires": {
        "extend": "^3.0.0",
        "is-absolute-url": "^3.0.0",
        "mdast-util-definitions": "^3.0.0",
        "space-separated-tokens": "^1.0.0",
        "unist-util-visit": "^2.0.0"
      }
    },
    "remark-images": {
      "version": "2.0.0",
      "resolved": "https://registry.npmjs.org/remark-images/-/remark-images-2.0.0.tgz",
      "integrity": "sha512-1X6XTBQZW489HSwU0k+aU3xAlVe3TyPll6N2Mt1onwINTIqcTk9QTC57937Z8NQDJ8h7gKGXy9d4TJug2dm8lg==",
      "requires": {
        "is-url": "^1.2.2",
        "unist-util-is": "^4.0.0",
        "unist-util-visit-parents": "^3.0.0"
      }
    },
    "remark-unwrap-images": {
      "version": "2.0.0",
      "resolved": "https://registry.npmjs.org/remark-unwrap-images/-/remark-unwrap-images-2.0.0.tgz",
      "integrity": "sha512-uehiJU5U1ZNQxTKUlAKOQhVyFsc+9WWvamkuoF3ILdMpASHwA1JbzTOZcRWv+annYfDWuPSuoZAWdt1r0SlrfQ==",
      "requires": {
        "hast-util-whitespace": "^1.0.0",
        "unist-util-visit": "^2.0.0"
      }
    },
    "space-separated-tokens": {
      "version": "1.1.5",
      "resolved": "https://registry.npmjs.org/space-separated-tokens/-/space-separated-tokens-1.1.5.tgz",
      "integrity": "sha512-q/JSVd1Lptzhf5bkYm4ob4iWPjx0KiRe3sRFBNrVqbJkFaBm5vbbowy1mymoPNLRa52+oadOhJ+K49wsSeSjTA=="
    },
    "unist-util-is": {
      "version": "4.0.2",
      "resolved": "https://registry.npmjs.org/unist-util-is/-/unist-util-is-4.0.2.tgz",
      "integrity": "sha512-Ofx8uf6haexJwI1gxWMGg6I/dLnF2yE+KibhD3/diOqY2TinLcqHXCV6OI5gFVn3xQqDH+u0M625pfKwIwgBKQ=="
    },
    "unist-util-visit": {
      "version": "2.0.3",
      "resolved": "https://registry.npmjs.org/unist-util-visit/-/unist-util-visit-2.0.3.tgz",
      "integrity": "sha512-iJ4/RczbJMkD0712mGktuGpm/U4By4FfDonL7N/9tATGIF4imikjOuagyMY53tnZq3NP6BcmlrHhEKAfGWjh7Q==",
      "requires": {
        "@types/unist": "^2.0.0",
        "unist-util-is": "^4.0.0",
        "unist-util-visit-parents": "^3.0.0"
      }
    },
    "unist-util-visit-parents": {
      "version": "3.1.0",
      "resolved": "https://registry.npmjs.org/unist-util-visit-parents/-/unist-util-visit-parents-3.1.0.tgz",
      "integrity": "sha512-0g4wbluTF93npyPrp/ymd3tCDTMnP0yo2akFD2FIBAYXq/Sga3lwaU1D8OYKbtpioaI6CkDcQ6fsMnmtzt7htw==",
      "requires": {
        "@types/unist": "^2.0.0",
        "unist-util-is": "^4.0.0"
      }
    }
  }
}
